
Microsoft Visual Studio Solution File, Format Version 12.00
# Visual Studio 15
VisualStudioVersion = 15.0.26730.16
MinimumVisualStudioVersion = 10.0.40219.1
Project("{FAE04EC0-301F-11D3-BF4B-00C04F79EFBC}") = "Blog", "Blog\Blog.csproj", "{82E494BA-2ADF-4C2F-8011-CD19468B1FC6}"
EndProject
Global
	GlobalSection(SolutionConfigurationPlatforms) = preSolution
		Debug|Any CPU = Debug|Any CPU
		Release|Any CPU = Release|Any CPU
	EndGlobalSection
	GlobalSection(ProjectConfigurationPlatforms) = postSolution
		{82E494BA-2ADF-4C2F-8011-CD19468B1FC6}.Debug|Any CPU.ActiveCfg = Debug|Any CPU
		{82E494BA-2ADF-4C2F-8011-CD19468B1FC6}.Debug|Any CPU.Build.0 = Debug|Any CPU
		{82E494BA-2ADF-4C2F-8011-CD19468B1FC6}.Release|Any CPU.ActiveCfg = Release|Any CPU
		{82E494BA-2ADF-4C2F-8011-CD19468B1FC6}.Release|Any CPU.Build.0 = Release|Any CPU
	EndGlobalSection
	GlobalSection(SolutionProperties) = preSolution
		HideSolutionNode = FALSE
	EndGlobalSection
	GlobalSection(ExtensibilityGlobals) = postSolution
		SolutionGuid = {8361E015-D27E-476B-B54D-073004593A68}
	EndGlobalSection
EndGlobal
